
Microsoft Visual Studio Solution File, Format Version 10.00
# Visual Studio 2008
Project("{FAE04EC0-301F-11D3-BF4B-00C04F79EFBC}") = "FSNEP", "FSNEP\FSNEP.csproj", "{C50E9962-0BC1-455F-B41C-6566DFD3389E}"
EndProject
Project("{FAE04EC0-301F-11D3-BF4B-00C04F79EFBC}") = "FSNEP.Tests", "FSNEP.Tests\FSNEP.Tests.csproj", "{DA79885E-502C-412D-A7F2-9F7F2EBACBE6}"
EndProject
Project("{FAE04EC0-301F-11D3-BF4B-00C04F79EFBC}") = "FSNEP.BLL", "FSNEP.BLL\FSNEP.BLL.csproj", "{C99762B2-05D5-4DD8-8F98-E0B5244EB402}"
EndProject
Project("{FAE04EC0-301F-11D3-BF4B-00C04F79EFBC}") = "FSNEP.Core", "FSNEP.Core\FSNEP.Core.csproj", "{E8EF47BB-45DB-480D-94B0-0F5E43E7DFC4}"
EndProject
Project("{FAE04EC0-301F-11D3-BF4B-00C04F79EFBC}") = "FSNEP.Data", "FSNEP.Data\FSNEP.Data.csproj", "{95716BED-2153-4838-89D1-83D9CA2D2445}"
EndProject
Project("{FAE04EC0-301F-11D3-BF4B-00C04F79EFBC}") = "FSNEP.Controllers", "FSNEP.Controllers\FSNEP.Controllers.csproj", "{C7B24D27-6F72-43BA-A3E9-21C10F869FEA}"
EndProject
Project("{2150E333-8FDC-42A3-9474-1A3956D46DE8}") = "Solution Items", "Solution Items", "{978D0F6A-5CD2-4FFE-8781-7E345D794E7F}"
	ProjectSection(SolutionItems) = preProject
		Bin\CAESArch.BLL.dll = Bin\CAESArch.BLL.dll
		Bin\CAESArch.Core.dll = Bin\CAESArch.Core.dll
		Bin\CAESArch.Data.dll = Bin\CAESArch.Data.dll
		Bin\CAESArch.Web.dll = Bin\CAESArch.Web.dll
		Bin\Castle.Core.dll = Bin\Castle.Core.dll
		Bin\Castle.DynamicProxy2.dll = Bin\Castle.DynamicProxy2.dll
		Bin\Castle.MicroKernel.dll = Bin\Castle.MicroKernel.dll
		Bin\Castle.Windsor.dll = Bin\Castle.Windsor.dll
		Bin\Common.Logging.dll = Bin\Common.Logging.dll
		Bin\Elmah.dll = Bin\Elmah.dll
		Bin\HibernatingRhinos.NHibernate.Profiler.Appender.dll = Bin\HibernatingRhinos.NHibernate.Profiler.Appender.dll
		Bin\Iesi.Collections.dll = Bin\Iesi.Collections.dll
		Bin\log4net.dll = Bin\log4net.dll
		Bin\Microsoft.Web.Mvc.dll = Bin\Microsoft.Web.Mvc.dll
		Bin\Moq.dll = Bin\Moq.dll
		Bin\MvcContrib.Castle.dll = Bin\MvcContrib.Castle.dll
		Bin\MvcContrib.dll = Bin\MvcContrib.dll
		Bin\MvcContrib.FluentHtml.dll = Bin\MvcContrib.FluentHtml.dll
		Bin\MvcContrib.TestHelper.dll = Bin\MvcContrib.TestHelper.dll
		Bin\NHibernate.ByteCode.Castle.dll = Bin\NHibernate.ByteCode.Castle.dll
		Bin\NHibernate.dll = Bin\NHibernate.dll
		Bin\NHibernate.Linq.dll = Bin\NHibernate.Linq.dll
		Bin\Rhino.Mocks.dll = Bin\Rhino.Mocks.dll
		Bin\System.Data.SQLite.DLL = Bin\System.Data.SQLite.DLL
	EndProjectSection
EndProject
Global
	GlobalSection(TeamFoundationVersionControl) = preSolution
		SccNumberOfProjects = 7
		SccEnterpriseProvider = {4CA58AB2-18FA-4F8D-95D4-32DDF27D184C}
		SccTeamFoundationServer = http://1x:8080/
		SccLocalPath0 = .
		SccProjectUniqueName1 = FSNEP.Tests\\FSNEP.Tests.csproj
		SccProjectName1 = FSNEP.Tests
		SccLocalPath1 = FSNEP.Tests
		SccProjectUniqueName2 = FSNEP\\FSNEP.csproj
		SccProjectName2 = FSNEP
		SccLocalPath2 = FSNEP
		SccProjectUniqueName3 = FSNEP.BLL\\FSNEP.BLL.csproj
		SccProjectName3 = FSNEP.BLL
		SccLocalPath3 = FSNEP.BLL
		SccProjectUniqueName4 = FSNEP.Core\\FSNEP.Core.csproj
		SccProjectName4 = FSNEP.Core
		SccLocalPath4 = FSNEP.Core
		SccProjectUniqueName5 = FSNEP.Data\\FSNEP.Data.csproj
		SccProjectName5 = FSNEP.Data
		SccLocalPath5 = FSNEP.Data
		SccProjectUniqueName6 = FSNEP.Controllers\\FSNEP.Controllers.csproj
		SccProjectName6 = FSNEP.Controllers
		SccLocalPath6 = FSNEP.Controllers
	EndGlobalSection
	GlobalSection(SolutionConfigurationPlatforms) = preSolution
		Debug|Any CPU = Debug|Any CPU
		Release|Any CPU = Release|Any CPU
	EndGlobalSection
	GlobalSection(ProjectConfigurationPlatforms) = postSolution
		{C50E9962-0BC1-455F-B41C-6566DFD3389E}.Debug|Any CPU.ActiveCfg = Debug|Any CPU
		{C50E9962-0BC1-455F-B41C-6566DFD3389E}.Debug|Any CPU.Build.0 = Debug|Any CPU
		{C50E9962-0BC1-455F-B41C-6566DFD3389E}.Release|Any CPU.ActiveCfg = Release|Any CPU
		{C50E9962-0BC1-455F-B41C-6566DFD3389E}.Release|Any CPU.Build.0 = Release|Any CPU
		{DA79885E-502C-412D-A7F2-9F7F2EBACBE6}.Debug|Any CPU.ActiveCfg = Debug|Any CPU
		{DA79885E-502C-412D-A7F2-9F7F2EBACBE6}.Debug|Any CPU.Build.0 = Debug|Any CPU
		{DA79885E-502C-412D-A7F2-9F7F2EBACBE6}.Release|Any CPU.ActiveCfg = Release|Any CPU
		{DA79885E-502C-412D-A7F2-9F7F2EBACBE6}.Release|Any CPU.Build.0 = Release|Any CPU
		{C99762B2-05D5-4DD8-8F98-E0B5244EB402}.Debug|Any CPU.ActiveCfg = Debug|Any CPU
		{C99762B2-05D5-4DD8-8F98-E0B5244EB402}.Debug|Any CPU.Build.0 = Debug|Any CPU
		{C99762B2-05D5-4DD8-8F98-E0B5244EB402}.Release|Any CPU.ActiveCfg = Release|Any CPU
		{C99762B2-05D5-4DD8-8F98-E0B5244EB402}.Release|Any CPU.Build.0 = Release|Any CPU
		{E8EF47BB-45DB-480D-94B0-0F5E43E7DFC4}.Debug|Any CPU.ActiveCfg = Debug|Any CPU
		{E8EF47BB-45DB-480D-94B0-0F5E43E7DFC4}.Debug|Any CPU.Build.0 = Debug|Any CPU
		{E8EF47BB-45DB-480D-94B0-0F5E43E7DFC4}.Release|Any CPU.ActiveCfg = Release|Any CPU
		{E8EF47BB-45DB-480D-94B0-0F5E43E7DFC4}.Release|Any CPU.Build.0 = Release|Any CPU
		{95716BED-2153-4838-89D1-83D9CA2D2445}.Debug|Any CPU.ActiveCfg = Debug|Any CPU
		{95716BED-2153-4838-89D1-83D9CA2D2445}.Debug|Any CPU.Build.0 = Debug|Any CPU
		{95716BED-2153-4838-89D1-83D9CA2D2445}.Release|Any CPU.ActiveCfg = Release|Any CPU
		{95716BED-2153-4838-89D1-83D9CA2D2445}.Release|Any CPU.Build.0 = Release|Any CPU
		{C7B24D27-6F72-43BA-A3E9-21C10F869FEA}.Debug|Any CPU.ActiveCfg = Debug|Any CPU
		{C7B24D27-6F72-43BA-A3E9-21C10F869FEA}.Debug|Any CPU.Build.0 = Debug|Any CPU
		{C7B24D27-6F72-43BA-A3E9-21C10F869FEA}.Release|Any CPU.ActiveCfg = Release|Any CPU
		{C7B24D27-6F72-43BA-A3E9-21C10F869FEA}.Release|Any CPU.Build.0 = Release|Any CPU
	EndGlobalSection
	GlobalSection(SolutionProperties) = preSolution
		HideSolutionNode = FALSE
	EndGlobalSection
EndGlobal
